
Microsoft Visual Studio Solution File, Format Version 12.00
# Visual Studio Version 17
VisualStudioVersion = 17.0.31903.59
MinimumVisualStudioVersion = 10.0.40219.1
Project("{FAE04EC0-301F-11D3-BF4B-00C04F79EFBC}") = "LambdaKit.Assertion", "LambdaKit.Assertion\LambdaKit.Assertion.csproj", "{B649DDF6-64AA-476D-8ECA-11C43E633812}"
EndProject
Project("{2150E333-8FDC-42A3-9474-1A3956D46DE8}") = "examples", "examples", "{0BE15B2E-E3A7-4166-9BB2-47A8DB448F49}"
EndProject
Project("{FAE04EC0-301F-11D3-BF4B-00C04F79EFBC}") = "Assertion", "examples\Assertion\Assertion.csproj", "{CA94B0E3-35C0-4CCF-A084-6E090CE55124}"
EndProject
Global
	GlobalSection(SolutionConfigurationPlatforms) = preSolution
		Debug|Any CPU = Debug|Any CPU
		Release|Any CPU = Release|Any CPU
	EndGlobalSection
	GlobalSection(SolutionProperties) = preSolution
		HideSolutionNode = FALSE
	EndGlobalSection
	GlobalSection(ProjectConfigurationPlatforms) = postSolution
		{B649DDF6-64AA-476D-8ECA-11C43E633812}.Debug|Any CPU.ActiveCfg = Debug|Any CPU
		{B649DDF6-64AA-476D-8ECA-11C43E633812}.Debug|Any CPU.Build.0 = Debug|Any CPU
		{B649DDF6-64AA-476D-8ECA-11C43E633812}.Release|Any CPU.ActiveCfg = Release|Any CPU
		{B649DDF6-64AA-476D-8ECA-11C43E633812}.Release|Any CPU.Build.0 = Release|Any CPU
		{CA94B0E3-35C0-4CCF-A084-6E090CE55124}.Debug|Any CPU.ActiveCfg = Debug|Any CPU
		{CA94B0E3-35C0-4CCF-A084-6E090CE55124}.Debug|Any CPU.Build.0 = Debug|Any CPU
		{CA94B0E3-35C0-4CCF-A084-6E090CE55124}.Release|Any CPU.ActiveCfg = Release|Any CPU
		{CA94B0E3-35C0-4CCF-A084-6E090CE55124}.Release|Any CPU.Build.0 = Release|Any CPU
	EndGlobalSection
	GlobalSection(NestedProjects) = preSolution
		{CA94B0E3-35C0-4CCF-A084-6E090CE55124} = {0BE15B2E-E3A7-4166-9BB2-47A8DB448F49}
	EndGlobalSection
EndGlobal
